
Microsoft Visual Studio Solution File, Format Version 12.00
# Visual Studio Version 16
VisualStudioVersion = 16.0.31829.152
MinimumVisualStudioVersion = 10.0.40219.1
Project("{FAE04EC0-301F-11D3-BF4B-00C04F79EFBC}") = "WPF_FileCloud", "WPF_FileCloud\WPF_FileCloud.csproj", "{1E9299A8-9060-41A7-B7BB-C23FFE4AC0FA}"
EndProject
Global
	GlobalSection(SolutionConfigurationPlatforms) = preSolution
		Debug|Any CPU = Debug|Any CPU
		Release|Any CPU = Release|Any CPU
	EndGlobalSection
	GlobalSection(ProjectConfigurationPlatforms) = postSolution
		{1E9299A8-9060-41A7-B7BB-C23FFE4AC0FA}.Debug|Any CPU.ActiveCfg = Debug|Any CPU
		{1E9299A8-9060-41A7-B7BB-C23FFE4AC0FA}.Debug|Any CPU.Build.0 = Debug|Any CPU
		{1E9299A8-9060-41A7-B7BB-C23FFE4AC0FA}.Release|Any CPU.ActiveCfg = Release|Any CPU
		{1E9299A8-9060-41A7-B7BB-C23FFE4AC0FA}.Release|Any CPU.Build.0 = Release|Any CPU
	EndGlobalSection
	GlobalSection(SolutionProperties) = preSolution
		HideSolutionNode = FALSE
	EndGlobalSection
	GlobalSection(ExtensibilityGlobals) = postSolution
		SolutionGuid = {C3202A7F-0E33-4624-885A-587893617A43}
	EndGlobalSection
EndGlobal
